
Microsoft Visual Studio Solution File, Format Version 12.00
# Visual Studio Version 16
VisualStudioVersion = 16.0.810.19
MinimumVisualStudioVersion = 10.0.40219.1
Project("{FAE04EC0-301F-11D3-BF4B-00C04F79EFBC}") = "UnitySchool", "UnitySchool.csproj", "{6DE01507-115D-4FFE-A857-EAA8BDB7BE77}"
EndProject
Global
	GlobalSection(SolutionConfigurationPlatforms) = preSolution
		Debug|Any CPU = Debug|Any CPU
		Release|Any CPU = Release|Any CPU
	EndGlobalSection
	GlobalSection(ProjectConfigurationPlatforms) = postSolution
		{6DE01507-115D-4FFE-A857-EAA8BDB7BE77}.Debug|Any CPU.ActiveCfg = Debug|Any CPU
		{6DE01507-115D-4FFE-A857-EAA8BDB7BE77}.Debug|Any CPU.Build.0 = Debug|Any CPU
		{6DE01507-115D-4FFE-A857-EAA8BDB7BE77}.Release|Any CPU.ActiveCfg = Release|Any CPU
		{6DE01507-115D-4FFE-A857-EAA8BDB7BE77}.Release|Any CPU.Build.0 = Release|Any CPU
	EndGlobalSection
	GlobalSection(SolutionProperties) = preSolution
		HideSolutionNode = FALSE
	EndGlobalSection
	GlobalSection(ExtensibilityGlobals) = postSolution
		SolutionGuid = {D0B32B08-D4A0-44BC-9F93-744CDB6EB47F}
	EndGlobalSection
EndGlobal
